
Microsoft Visual Studio Solution File, Format Version 12.00
# Visual Studio Version 17
VisualStudioVersion = 17.3.32901.215
MinimumVisualStudioVersion = 10.0.40219.1
Project("{9A19103F-16F7-4668-BE54-9A1E7A4F7556}") = "QuickTest", "QuickTest\QuickTest.csproj", "{16682D01-F7B4-42B3-9AC2-C0E004A3A1C8}"
EndProject
Project("{9A19103F-16F7-4668-BE54-9A1E7A4F7556}") = "QuickTest.Core", "QuickTest.Core\QuickTest.Core.csproj", "{0D7A539E-AF5A-45E0-8BB0-C4A32C0FD4D5}"
EndProject
Project("{9A19103F-16F7-4668-BE54-9A1E7A4F7556}") = "QuickTest.Infrastructure", "QuickTest.Infrastructure\QuickTest.Infrastructure.csproj", "{4E92C7F1-9FB9-4876-B3ED-CD1D7C037481}"
EndProject
Project("{9A19103F-16F7-4668-BE54-9A1E7A4F7556}") = "QuickTest.Application", "QuickTest.Application\QuickTest.Application.csproj", "{FBAC60CF-A1CA-442E-A99E-C3FF2698D4E3}"
EndProject
Global
	GlobalSection(SolutionConfigurationPlatforms) = preSolution
		Debug|Any CPU = Debug|Any CPU
		Release|Any CPU = Release|Any CPU
	EndGlobalSection
	GlobalSection(ProjectConfigurationPlatforms) = postSolution
		{16682D01-F7B4-42B3-9AC2-C0E004A3A1C8}.Debug|Any CPU.ActiveCfg = Debug|Any CPU
		{16682D01-F7B4-42B3-9AC2-C0E004A3A1C8}.Debug|Any CPU.Build.0 = Debug|Any CPU
		{16682D01-F7B4-42B3-9AC2-C0E004A3A1C8}.Release|Any CPU.ActiveCfg = Release|Any CPU
		{16682D01-F7B4-42B3-9AC2-C0E004A3A1C8}.Release|Any CPU.Build.0 = Release|Any CPU
		{0D7A539E-AF5A-45E0-8BB0-C4A32C0FD4D5}.Debug|Any CPU.ActiveCfg = Debug|Any CPU
		{0D7A539E-AF5A-45E0-8BB0-C4A32C0FD4D5}.Debug|Any CPU.Build.0 = Debug|Any CPU
		{0D7A539E-AF5A-45E0-8BB0-C4A32C0FD4D5}.Release|Any CPU.ActiveCfg = Release|Any CPU
		{0D7A539E-AF5A-45E0-8BB0-C4A32C0FD4D5}.Release|Any CPU.Build.0 = Release|Any CPU
		{4E92C7F1-9FB9-4876-B3ED-CD1D7C037481}.Debug|Any CPU.ActiveCfg = Debug|Any CPU
		{4E92C7F1-9FB9-4876-B3ED-CD1D7C037481}.Debug|Any CPU.Build.0 = Debug|Any CPU
		{4E92C7F1-9FB9-4876-B3ED-CD1D7C037481}.Release|Any CPU.ActiveCfg = Release|Any CPU
		{4E92C7F1-9FB9-4876-B3ED-CD1D7C037481}.Release|Any CPU.Build.0 = Release|Any CPU
		{FBAC60CF-A1CA-442E-A99E-C3FF2698D4E3}.Debug|Any CPU.ActiveCfg = Debug|Any CPU
		{FBAC60CF-A1CA-442E-A99E-C3FF2698D4E3}.Debug|Any CPU.Build.0 = Debug|Any CPU
		{FBAC60CF-A1CA-442E-A99E-C3FF2698D4E3}.Release|Any CPU.ActiveCfg = Release|Any CPU
		{FBAC60CF-A1CA-442E-A99E-C3FF2698D4E3}.Release|Any CPU.Build.0 = Release|Any CPU
	EndGlobalSection
	GlobalSection(SolutionProperties) = preSolution
		HideSolutionNode = FALSE
	EndGlobalSection
	GlobalSection(ExtensibilityGlobals) = postSolution
		SolutionGuid = {2CE03185-D0E1-4588-A089-907BFDBBE132}
	EndGlobalSection
EndGlobal
